
Microsoft Visual Studio Solution File, Format Version 12.00
# Visual Studio Version 16
VisualStudioVersion = 16.0.30907.101
MinimumVisualStudioVersion = 10.0.40219.1
Project("{9A19103F-16F7-4668-BE54-9A1E7A4F7556}") = "HomeWork1", "HomeWork1\HomeWork1.csproj", "{87A45A8A-64CD-4441-99C4-70E225B32E56}"
EndProject
Project("{9A19103F-16F7-4668-BE54-9A1E7A4F7556}") = "HomeWork2", "HomeWork2\HomeWork2.csproj", "{3DCF6119-AA94-4993-A3C7-EA1F0408DC10}"
EndProject
Project("{9A19103F-16F7-4668-BE54-9A1E7A4F7556}") = "HomeWork3", "HomeWork3\HomeWork3.csproj", "{1AEF8BCD-ECCF-4CD4-B828-0E40E39F387F}"
EndProject
Project("{9A19103F-16F7-4668-BE54-9A1E7A4F7556}") = "HomeWork4", "HomeWork4\HomeWork4.csproj", "{2CD80CEF-B610-4DF3-A7FA-7424BE54044C}"
EndProject
Project("{2150E333-8FDC-42A3-9474-1A3956D46DE8}") = "HomeWork5", "HomeWork5", "{B7010E8D-271B-4A80-95FD-A542A5AC8A40}"
EndProject
Project("{FAE04EC0-301F-11D3-BF4B-00C04F79EFBC}") = "HomeWork5_Calc", "HomeWork5_Calc\HomeWork5_Calc.csproj", "{C51FE9C3-CD63-4982-9389-17237617B320}"
EndProject
Project("{FAE04EC0-301F-11D3-BF4B-00C04F79EFBC}") = "HomeWork5_Task2", "HomeWork5_Task2\HomeWork5_Task2.csproj", "{30DA79B3-71CC-43EB-8242-96CAE5B9FD1E}"
EndProject
Global
	GlobalSection(SolutionConfigurationPlatforms) = preSolution
		Debug|Any CPU = Debug|Any CPU
		Release|Any CPU = Release|Any CPU
	EndGlobalSection
	GlobalSection(ProjectConfigurationPlatforms) = postSolution
		{87A45A8A-64CD-4441-99C4-70E225B32E56}.Debug|Any CPU.ActiveCfg = Debug|Any CPU
		{87A45A8A-64CD-4441-99C4-70E225B32E56}.Debug|Any CPU.Build.0 = Debug|Any CPU
		{87A45A8A-64CD-4441-99C4-70E225B32E56}.Release|Any CPU.ActiveCfg = Release|Any CPU
		{87A45A8A-64CD-4441-99C4-70E225B32E56}.Release|Any CPU.Build.0 = Release|Any CPU
		{3DCF6119-AA94-4993-A3C7-EA1F0408DC10}.Debug|Any CPU.ActiveCfg = Debug|Any CPU
		{3DCF6119-AA94-4993-A3C7-EA1F0408DC10}.Debug|Any CPU.Build.0 = Debug|Any CPU
		{3DCF6119-AA94-4993-A3C7-EA1F0408DC10}.Release|Any CPU.ActiveCfg = Release|Any CPU
		{3DCF6119-AA94-4993-A3C7-EA1F0408DC10}.Release|Any CPU.Build.0 = Release|Any CPU
		{1AEF8BCD-ECCF-4CD4-B828-0E40E39F387F}.Debug|Any CPU.ActiveCfg = Debug|Any CPU
		{1AEF8BCD-ECCF-4CD4-B828-0E40E39F387F}.Debug|Any CPU.Build.0 = Debug|Any CPU
		{1AEF8BCD-ECCF-4CD4-B828-0E40E39F387F}.Release|Any CPU.ActiveCfg = Release|Any CPU
		{1AEF8BCD-ECCF-4CD4-B828-0E40E39F387F}.Release|Any CPU.Build.0 = Release|Any CPU
		{2CD80CEF-B610-4DF3-A7FA-7424BE54044C}.Debug|Any CPU.ActiveCfg = Debug|Any CPU
		{2CD80CEF-B610-4DF3-A7FA-7424BE54044C}.Debug|Any CPU.Build.0 = Debug|Any CPU
		{2CD80CEF-B610-4DF3-A7FA-7424BE54044C}.Release|Any CPU.ActiveCfg = Release|Any CPU
		{2CD80CEF-B610-4DF3-A7FA-7424BE54044C}.Release|Any CPU.Build.0 = Release|Any CPU
		{C51FE9C3-CD63-4982-9389-17237617B320}.Debug|Any CPU.ActiveCfg = Debug|Any CPU
		{C51FE9C3-CD63-4982-9389-17237617B320}.Debug|Any CPU.Build.0 = Debug|Any CPU
		{C51FE9C3-CD63-4982-9389-17237617B320}.Release|Any CPU.ActiveCfg = Release|Any CPU
		{C51FE9C3-CD63-4982-9389-17237617B320}.Release|Any CPU.Build.0 = Release|Any CPU
		{30DA79B3-71CC-43EB-8242-96CAE5B9FD1E}.Debug|Any CPU.ActiveCfg = Debug|Any CPU
		{30DA79B3-71CC-43EB-8242-96CAE5B9FD1E}.Debug|Any CPU.Build.0 = Debug|Any CPU
		{30DA79B3-71CC-43EB-8242-96CAE5B9FD1E}.Release|Any CPU.ActiveCfg = Release|Any CPU
		{30DA79B3-71CC-43EB-8242-96CAE5B9FD1E}.Release|Any CPU.Build.0 = Release|Any CPU
	EndGlobalSection
	GlobalSection(SolutionProperties) = preSolution
		HideSolutionNode = FALSE
	EndGlobalSection
	GlobalSection(NestedProjects) = preSolution
		{C51FE9C3-CD63-4982-9389-17237617B320} = {B7010E8D-271B-4A80-95FD-A542A5AC8A40}
		{30DA79B3-71CC-43EB-8242-96CAE5B9FD1E} = {B7010E8D-271B-4A80-95FD-A542A5AC8A40}
	EndGlobalSection
	GlobalSection(ExtensibilityGlobals) = postSolution
		SolutionGuid = {BCEC8A00-F3FD-4A60-937E-112430575E28}
	EndGlobalSection
EndGlobal
